<?xml version="1.0" encoding="utf-8"?>
<Project ToolsVersion="4.0" xmlns="http://schemas.microsoft.com/developer/msbuild/2003">
  <ItemGroup>
    <Filter Include="Project">
      <UniqueIdentifier>{c6ff64c4-1c45-4a5d-855d-c4e301dd23dd}</UniqueIdentifier>
    </Filter>
    <Filter Include="Project\헤더 파일">
      <UniqueIdentifier>{1a951c99-f4c6-4fde-b405-0e01e4ed0cfc}</UniqueIdentifier>
    </Filter>
    <Filter Include="Project\소스 파일">
      <UniqueIdentifier>{2ed93222-48bc-4227-975b-2467ccc66e47}</UniqueIdentifier>
    </Filter>
    <Filter Include="Project\사운드">
      <UniqueIdentifier>{0ab25751-74f9-4610-afcd-2601e36e3b6d}</UniqueIdentifier>
    </Filter>
  </ItemGroup>
  <ItemGroup>
    <ClInclude Include="Dot.h">
      <Filter>Project\헤더 파일</Filter>
    </ClInclude>
    <ClInclude Include="Stage.h">
      <Filter>Project\헤더 파일</Filter>
    </ClInclude>
    <ClInclude Include="Player.h">
      <Filter>Project\헤더 파일</Filter>
    </ClInclude>
    <ClInclude Include="StageSelect.h">
      <Filter>Project\헤더 파일</Filter>
    </ClInclude>
    <ClInclude Include="Common.h">
      <Filter>Project</Filter>
    </ClInclude>
    <ClInclude Include="Boss.h">
      <Filter>Project\헤더 파일</Filter>
    </ClInclude>
    <ClInclude Include="Enemy.h">
      <Filter>Project\헤더 파일</Filter>
    </ClInclude>
    <ClInclude Include="GameManager.h">
      <Filter>Project\헤더 파일</Filter>
    </ClInclude>
    <ClInclude Include="ScreenDot.h">
      <Filter>Project\헤더 파일</Filter>
    </ClInclude>
    <ClInclude Include="Menu.h" />
    <ClInclude Include="ItemManager.h">
      <Filter>Project\헤더 파일</Filter>
    </ClInclude>
  </ItemGroup>
  <ItemGroup>
    <ClCompile Include="Dot.cpp">
      <Filter>Project\소스 파일</Filter>
    </ClCompile>
    <ClCompile Include="Stage.cpp">
      <Filter>Project\소스 파일</Filter>
    </ClCompile>
    <ClCompile Include="Player.cpp">
      <Filter>Project\소스 파일</Filter>
    </ClCompile>
    <ClCompile Include="StageSelect.cpp">
      <Filter>Project\소스 파일</Filter>
    </ClCompile>
    <ClCompile Include="Common.cpp">
      <Filter>Project</Filter>
    </ClCompile>
    <ClCompile Include="Boss.cpp">
      <Filter>Project\소스 파일</Filter>
    </ClCompile>
    <ClCompile Include="Enemy.cpp">
      <Filter>Project\소스 파일</Filter>
    </ClCompile>
    <ClCompile Include="GameManager.cpp">
      <Filter>Project\소스 파일</Filter>
    </ClCompile>
    <ClCompile Include="ScreenDot.cpp">
      <Filter>Project\소스 파일</Filter>
    </ClCompile>
    <ClCompile Include="Main.cpp" />
    <ClCompile Include="Menu.cpp" />
    <ClCompile Include="ItemManager.cpp">
      <Filter>Project\소스 파일</Filter>
    </ClCompile>
  </ItemGroup>
  <ItemGroup>
    <Text Include="메모.txt">
      <Filter>Project</Filter>
    </Text>
  </ItemGroup>
  <ItemGroup>
    <Media Include="Kirby_Boss.wav">
      <Filter>Project\사운드</Filter>
    </Media>
    <Media Include="Kirby_Main.wav">
      <Filter>Project\사운드</Filter>
    </Media>
    <Media Include="Kirby_Stage.wav">
      <Filter>Project\사운드</Filter>
    </Media>
    <Media Include="Kirby_Laser.wav">
      <Filter>Project\사운드</Filter>
    </Media>
    <Media Include="Kirby_TrashMobDie.wav">
      <Filter>Project\사운드</Filter>
    </Media>
    <Media Include="Kirby_StageClear.wav">
      <Filter>Project\사운드</Filter>
    </Media>
    <Media Include="Kirby_BossDamage.wav">
      <Filter>Project\사운드</Filter>
    </Media>
    <Media Include="Kirby_BossDie.wav">
      <Filter>Project\사운드</Filter>
    </Media>
    <Media Include="Kirby_Hit.wav">
      <Filter>Project\사운드</Filter>
    </Media>
    <Media Include="Kirby_BossLaser.wav">
      <Filter>Project\사운드</Filter>
    </Media>
    <Media Include="Kirby_NoEntry.wav">
      <Filter>Project\사운드</Filter>
    </Media>
    <Media Include="Kirby_ESC.wav">
      <Filter>Project\사운드</Filter>
    </Media>
    <Media Include="Kirby_Enter.wav">
      <Filter>Project\사운드</Filter>
    </Media>
    <Media Include="Kirby_Keybord.wav">
      <Filter>Project\사운드</Filter>
    </Media>
    <Media Include="Kirby_GameOver.wav">
      <Filter>Project\사운드</Filter>
    </Media>
    <Media Include="Kirby_AllClear.wav">
      <Filter>Project\사운드</Filter>
    </Media>
  </ItemGroup>
</Project>